<?xml version="1.0" encoding="UTF-8" standalone="yes" ?>
<CodeBlocks_project_file>
	<FileVersion major="1" minor="6" />
	<Project>
		<Option title="Dibuixos" />
		<Option pch_mode="2" />
		<Option compiler="gcc" />
		<Build>
			<Target title="default">
				<Option output="Dibuixos" prefix_auto="1" extension_auto="1" />
				<Option type="1" />
				<Option compiler="gcc" />
			</Target>
		</Build>
		<Compiler>
			<Add option="-include src/pch.h" />
		</Compiler>
		<Linker>
			<Add library="pdcurses" />
		</Linker>
		<Unit filename="src/DBInit.c">
			<Option compilerVar="CC" />
		</Unit>
		<Unit filename="src/DBMain.c">
			<Option compilerVar="CC" />
		</Unit>
		<Unit filename="src/dibuixos.h">
			<Option compilerVar="CC" />
		</Unit>
		<Unit filename="src/pch.c">
			<Option compilerVar="CC" />
		</Unit>
		<Unit filename="src/pch.h">
			<Option compilerVar="CC" />
		</Unit>
		<Extensions />
	</Project>
</CodeBlocks_project_file>
